// !$*UTF8*$!
{
	archiveVersion = 1;
	classes = {
	};
	objectVersion = 46;
	objects = {

/* Begin PBXBuildFile section */
		22603EA4AB654DAA85BD74D6 /* libPods.a in Frameworks */ = {isa = PBXBuildFile; fileRef = 4C4478F2FEC9448994F80898 /* libPods.a */; };
		271041D9171644E1006096A6 /* navbar_background@2x.png in Resources */ = {isa = PBXBuildFile; fileRef = 271041D8171644E1006096A6 /* navbar_background@2x.png */; };
		271041DD171644E6006096A6 /* title_everyone@2x.png in Resources */ = {isa = PBXBuildFile; fileRef = 271041DA171644E6006096A6 /* title_everyone@2x.png */; };
		271041DE171644E6006096A6 /* title_popular@2x.png in Resources */ = {isa = PBXBuildFile; fileRef = 271041DB171644E6006096A6 /* title_popular@2x.png */; };
		271041DF171644E6006096A6 /* title_debuts@2x.png in Resources */ = {isa = PBXBuildFile; fileRef = 271041DC171644E6006096A6 /* title_debuts@2x.png */; };
		271041E1171644EA006096A6 /* title_playoffs@2x.png in Resources */ = {isa = PBXBuildFile; fileRef = 271041E0171644EA006096A6 /* title_playoffs@2x.png */; };
		271041E4171644F1006096A6 /* button_sidebar.png in Resources */ = {isa = PBXBuildFile; fileRef = 271041E2171644F1006096A6 /* button_sidebar.png */; };
		271041E5171644F1006096A6 /* button_sidebar@2x.png in Resources */ = {isa = PBXBuildFile; fileRef = 271041E3171644F1006096A6 /* button_sidebar@2x.png */; };
		2713DB0E17161F2C00ED8209 /* icon.png in Resources */ = {isa = PBXBuildFile; fileRef = 2713DB0D17161F2C00ED8209 /* icon.png */; };
		2713DB1017161F2F00ED8209 /* icon@2x.png in Resources */ = {isa = PBXBuildFile; fileRef = 2713DB0F17161F2F00ED8209 /* icon@2x.png */; };
		278A67B717162CE4004621E2 /* MainStoryboard.storyboard in Resources */ = {isa = PBXBuildFile; fileRef = 278A67B617162CE4004621E2 /* MainStoryboard.storyboard */; };
		278A67BA1716361B004621E2 /* MainViewController.m in Sources */ = {isa = PBXBuildFile; fileRef = 278A67B91716361B004621E2 /* MainViewController.m */; };
		278A67BD17163632004621E2 /* NavigationTableViewController.m in Sources */ = {isa = PBXBuildFile; fileRef = 278A67BC17163632004621E2 /* NavigationTableViewController.m */; };
		278A67C017163644004621E2 /* FeedTableViewController.m in Sources */ = {isa = PBXBuildFile; fileRef = 278A67BF17163644004621E2 /* FeedTableViewController.m */; };
		27AB075F1716183400FB2D8C /* UIKit.framework in Frameworks */ = {isa = PBXBuildFile; fileRef = 27AB075E1716183400FB2D8C /* UIKit.framework */; };
		27AB07611716183400FB2D8C /* Foundation.framework in Frameworks */ = {isa = PBXBuildFile; fileRef = 27AB07601716183400FB2D8C /* Foundation.framework */; };
		27AB07631716183400FB2D8C /* CoreGraphics.framework in Frameworks */ = {isa = PBXBuildFile; fileRef = 27AB07621716183400FB2D8C /* CoreGraphics.framework */; };
		27AB07691716183400FB2D8C /* InfoPlist.strings in Resources */ = {isa = PBXBuildFile; fileRef = 27AB07671716183400FB2D8C /* InfoPlist.strings */; };
		27AB076B1716183400FB2D8C /* main.m in Sources */ = {isa = PBXBuildFile; fileRef = 27AB076A1716183400FB2D8C /* main.m */; };
		27AB076F1716183400FB2D8C /* AppDelegate.m in Sources */ = {isa = PBXBuildFile; fileRef = 27AB076E1716183400FB2D8C /* AppDelegate.m */; };
		27AB07711716183400FB2D8C /* Default.png in Resources */ = {isa = PBXBuildFile; fileRef = 27AB07701716183400FB2D8C /* Default.png */; };
		27AB07731716183400FB2D8C /* Default@2x.png in Resources */ = {isa = PBXBuildFile; fileRef = 27AB07721716183400FB2D8C /* Default@2x.png */; };
		27AB07751716183400FB2D8C /* Default-568h@2x.png in Resources */ = {isa = PBXBuildFile; fileRef = 27AB07741716183400FB2D8C /* Default-568h@2x.png */; };
/* End PBXBuildFile section */

/* Begin PBXFileReference section */
		271041D61716394E006096A6 /* MasterSettings.h */ = {isa = PBXFileReference; fileEncoding = 4; lastKnownFileType = sourcecode.c.h; path = MasterSettings.h; sourceTree = "<group>"; };
		271041D8171644E1006096A6 /* navbar_background@2x.png */ = {isa = PBXFileReference; lastKnownFileType = image.png; path = "navbar_background@2x.png"; sourceTree = "<group>"; };
		271041DA171644E6006096A6 /* title_everyone@2x.png */ = {isa = PBXFileReference; lastKnownFileType = image.png; path = "title_everyone@2x.png"; sourceTree = "<group>"; };
		271041DB171644E6006096A6 /* title_popular@2x.png */ = {isa = PBXFileReference; lastKnownFileType = image.png; path = "title_popular@2x.png"; sourceTree = "<group>"; };
		271041DC171644E6006096A6 /* title_debuts@2x.png */ = {isa = PBXFileReference; lastKnownFileType = image.png; path = "title_debuts@2x.png"; sourceTree = "<group>"; };
		271041E0171644EA006096A6 /* title_playoffs@2x.png */ = {isa = PBXFileReference; lastKnownFileType = image.png; path = "title_playoffs@2x.png"; sourceTree = "<group>"; };
		271041E2171644F1006096A6 /* button_sidebar.png */ = {isa = PBXFileReference; lastKnownFileType = image.png; path = button_sidebar.png; sourceTree = "<group>"; };
		271041E3171644F1006096A6 /* button_sidebar@2x.png */ = {isa = PBXFileReference; lastKnownFileType = image.png; path = "button_sidebar@2x.png"; sourceTree = "<group>"; };
		2713DB0D17161F2C00ED8209 /* icon.png */ = {isa = PBXFileReference; lastKnownFileType = image.png; path = icon.png; sourceTree = "<group>"; };
		2713DB0F17161F2F00ED8209 /* icon@2x.png */ = {isa = PBXFileReference; lastKnownFileType = image.png; path = "icon@2x.png"; sourceTree = "<group>"; };
		278A67B617162CE4004621E2 /* MainStoryboard.storyboard */ = {isa = PBXFileReference; fileEncoding = 4; lastKnownFileType = file.storyboard; path = MainStoryboard.storyboard; sourceTree = "<group>"; };
		278A67B81716361B004621E2 /* MainViewController.h */ = {isa = PBXFileReference; fileEncoding = 4; lastKnownFileType = sourcecode.c.h; path = MainViewController.h; sourceTree = "<group>"; };
		278A67B91716361B004621E2 /* MainViewController.m */ = {isa = PBXFileReference; fileEncoding = 4; lastKnownFileType = sourcecode.c.objc; path = MainViewController.m; sourceTree = "<group>"; };
		278A67BB17163632004621E2 /* NavigationTableViewController.h */ = {isa = PBXFileReference; fileEncoding = 4; lastKnownFileType = sourcecode.c.h; path = NavigationTableViewController.h; sourceTree = "<group>"; };
		278A67BC17163632004621E2 /* NavigationTableViewController.m */ = {isa = PBXFileReference; fileEncoding = 4; lastKnownFileType = sourcecode.c.objc; path = NavigationTableViewController.m; sourceTree = "<group>"; };
		278A67BE17163644004621E2 /* FeedTableViewController.h */ = {isa = PBXFileReference; fileEncoding = 4; lastKnownFileType = sourcecode.c.h; path = FeedTableViewController.h; sourceTree = "<group>"; };
		278A67BF17163644004621E2 /* FeedTableViewController.m */ = {isa = PBXFileReference; fileEncoding = 4; lastKnownFileType = sourcecode.c.objc; path = FeedTableViewController.m; sourceTree = "<group>"; };
		27AB075B1716183400FB2D8C /* Hustle.app */ = {isa = PBXFileReference; explicitFileType = wrapper.application; includeInIndex = 0; path = Hustle.app; sourceTree = BUILT_PRODUCTS_DIR; };
		27AB075E1716183400FB2D8C /* UIKit.framework */ = {isa = PBXFileReference; lastKnownFileType = wrapper.framework; name = UIKit.framework; path = System/Library/Frameworks/UIKit.framework; sourceTree = SDKROOT; };
		27AB07601716183400FB2D8C /* Foundation.framework */ = {isa = PBXFileReference; lastKnownFileType = wrapper.framework; name = Foundation.framework; path = System/Library/Frameworks/Foundation.framework; sourceTree = SDKROOT; };
		27AB07621716183400FB2D8C /* CoreGraphics.framework */ = {isa = PBXFileReference; lastKnownFileType = wrapper.framework; name = CoreGraphics.framework; path = System/Library/Frameworks/CoreGraphics.framework; sourceTree = SDKROOT; };
		27AB07661716183400FB2D8C /* Hustle-Info.plist */ = {isa = PBXFileReference; lastKnownFileType = text.plist.xml; path = "Hustle-Info.plist"; sourceTree = "<group>"; };
		27AB07681716183400FB2D8C /* en */ = {isa = PBXFileReference; lastKnownFileType = text.plist.strings; name = en; path = en.lproj/InfoPlist.strings; sourceTree = "<group>"; };
		27AB076A1716183400FB2D8C /* main.m */ = {isa = PBXFileReference; lastKnownFileType = sourcecode.c.objc; path = main.m; sourceTree = "<group>"; };
		27AB076C1716183400FB2D8C /* Hustle-Prefix.pch */ = {isa = PBXFileReference; lastKnownFileType = sourcecode.c.h; path = "Hustle-Prefix.pch"; sourceTree = "<group>"; };
		27AB076D1716183400FB2D8C /* AppDelegate.h */ = {isa = PBXFileReference; lastKnownFileType = sourcecode.c.h; path = AppDelegate.h; sourceTree = "<group>"; };
		27AB076E1716183400FB2D8C /* AppDelegate.m */ = {isa = PBXFileReference; lastKnownFileType = sourcecode.c.objc; path = AppDelegate.m; sourceTree = "<group>"; };
		27AB07701716183400FB2D8C /* Default.png */ = {isa = PBXFileReference; lastKnownFileType = image.png; path = Default.png; sourceTree = "<group>"; };
		27AB07721716183400FB2D8C /* Default@2x.png */ = {isa = PBXFileReference; lastKnownFileType = image.png; path = "Default@2x.png"; sourceTree = "<group>"; };
		27AB07741716183400FB2D8C /* Default-568h@2x.png */ = {isa = PBXFileReference; lastKnownFileType = image.png; path = "Default-568h@2x.png"; sourceTree = "<group>"; };
		4C4478F2FEC9448994F80898 /* libPods.a */ = {isa = PBXFileReference; explicitFileType = archive.ar; includeInIndex = 0; path = libPods.a; sourceTree = BUILT_PRODUCTS_DIR; };
		9799FAEA99FA44A6913D995D /* Pods.xcconfig */ = {isa = PBXFileReference; includeInIndex = 1; lastKnownFileType = text.xcconfig; name = Pods.xcconfig; path = Pods/Pods.xcconfig; sourceTree = SOURCE_ROOT; };
/* End PBXFileReference section */

/* Begin PBXFrameworksBuildPhase section */
		27AB07581716183400FB2D8C /* Frameworks */ = {
			isa = PBXFrameworksBuildPhase;
			buildActionMask = 2147483647;
			files = (
				27AB075F1716183400FB2D8C /* UIKit.framework in Frameworks */,
				27AB07611716183400FB2D8C /* Foundation.framework in Frameworks */,
				27AB07631716183400FB2D8C /* CoreGraphics.framework in Frameworks */,
				22603EA4AB654DAA85BD74D6 /* libPods.a in Frameworks */,
			);
			runOnlyForDeploymentPostprocessing = 0;
		};
/* End PBXFrameworksBuildPhase section */

/* Begin PBXGroup section */
		271041D717164083006096A6 /* Assets */ = {
			isa = PBXGroup;
			children = (
				271041E2171644F1006096A6 /* button_sidebar.png */,
				271041E3171644F1006096A6 /* button_sidebar@2x.png */,
				271041E0171644EA006096A6 /* title_playoffs@2x.png */,
				271041DA171644E6006096A6 /* title_everyone@2x.png */,
				271041DB171644E6006096A6 /* title_popular@2x.png */,
				271041DC171644E6006096A6 /* title_debuts@2x.png */,
				271041D8171644E1006096A6 /* navbar_background@2x.png */,
			);
			name = Assets;
			sourceTree = "<group>";
		};
		2713DB111716209B00ED8209 /* Models */ = {
			isa = PBXGroup;
			children = (
			);
			name = Models;
			sourceTree = "<group>";
		};
		2713DB12171620A000ED8209 /* Views */ = {
			isa = PBXGroup;
			children = (
				278A67B617162CE4004621E2 /* MainStoryboard.storyboard */,
			);
			name = Views;
			sourceTree = "<group>";
		};
		2713DB13171620A400ED8209 /* Controllers */ = {
			isa = PBXGroup;
			children = (
				278A67B81716361B004621E2 /* MainViewController.h */,
				278A67B91716361B004621E2 /* MainViewController.m */,
				278A67BB17163632004621E2 /* NavigationTableViewController.h */,
				278A67BC17163632004621E2 /* NavigationTableViewController.m */,
				278A67BE17163644004621E2 /* FeedTableViewController.h */,
				278A67BF17163644004621E2 /* FeedTableViewController.m */,
			);
			name = Controllers;
			sourceTree = "<group>";
		};
		2713DB14171620A800ED8209 /* Helpers */ = {
			isa = PBXGroup;
			children = (
			);
			name = Helpers;
			sourceTree = "<group>";
		};
		27AB07521716183400FB2D8C = {
			isa = PBXGroup;
			children = (
				2713DB0F17161F2F00ED8209 /* icon@2x.png */,
				2713DB0D17161F2C00ED8209 /* icon.png */,
				27AB07641716183400FB2D8C /* Hustle */,
				27AB075D1716183400FB2D8C /* Frameworks */,
				27AB075C1716183400FB2D8C /* Products */,
				9799FAEA99FA44A6913D995D /* Pods.xcconfig */,
			);
			sourceTree = "<group>";
		};
		27AB075C1716183400FB2D8C /* Products */ = {
			isa = PBXGroup;
			children = (
				27AB075B1716183400FB2D8C /* Hustle.app */,
			);
			name = Products;
			sourceTree = "<group>";
		};
		27AB075D1716183400FB2D8C /* Frameworks */ = {
			isa = PBXGroup;
			children = (
				27AB075E1716183400FB2D8C /* UIKit.framework */,
				27AB07601716183400FB2D8C /* Foundation.framework */,
				27AB07621716183400FB2D8C /* CoreGraphics.framework */,
				4C4478F2FEC9448994F80898 /* libPods.a */,
			);
			name = Frameworks;
			sourceTree = "<group>";
		};
		27AB07641716183400FB2D8C /* Hustle */ = {
			isa = PBXGroup;
			children = (
				2713DB14171620A800ED8209 /* Helpers */,
				2713DB111716209B00ED8209 /* Models */,
				2713DB12171620A000ED8209 /* Views */,
				2713DB13171620A400ED8209 /* Controllers */,
				27AB076D1716183400FB2D8C /* AppDelegate.h */,
				27AB076E1716183400FB2D8C /* AppDelegate.m */,
				271041D61716394E006096A6 /* MasterSettings.h */,
				271041D717164083006096A6 /* Assets */,
				27AB07651716183400FB2D8C /* Supporting Files */,
			);
			path = Hustle;
			sourceTree = "<group>";
		};
		27AB07651716183400FB2D8C /* Supporting Files */ = {
			isa = PBXGroup;
			children = (
				27AB07661716183400FB2D8C /* Hustle-Info.plist */,
				27AB07671716183400FB2D8C /* InfoPlist.strings */,
				27AB076A1716183400FB2D8C /* main.m */,
				27AB076C1716183400FB2D8C /* Hustle-Prefix.pch */,
				27AB07701716183400FB2D8C /* Default.png */,
				27AB07721716183400FB2D8C /* Default@2x.png */,
				27AB07741716183400FB2D8C /* Default-568h@2x.png */,
			);
			name = "Supporting Files";
			sourceTree = "<group>";
		};
/* End PBXGroup section */

/* Begin PBXNativeTarget section */
		27AB075A1716183400FB2D8C /* Hustle */ = {
			isa = PBXNativeTarget;
			buildConfigurationList = 27AB07781716183400FB2D8C /* Build configuration list for PBXNativeTarget "Hustle" */;
			buildPhases = (
				46EA136DDB824A858699E5FD /* Check Pods Manifest.lock */,
				27AB07571716183400FB2D8C /* Sources */,
				27AB07581716183400FB2D8C /* Frameworks */,
				27AB07591716183400FB2D8C /* Resources */,
				6E614AC6E2A74EBAA1A80DC1 /* Copy Pods Resources */,
			);
			buildRules = (
			);
			dependencies = (
			);
			name = Hustle;
			productName = Hustle;
			productReference = 27AB075B1716183400FB2D8C /* Hustle.app */;
			productType = "com.apple.product-type.application";
		};
/* End PBXNativeTarget section */

/* Begin PBXProject section */
		27AB07531716183400FB2D8C /* Project object */ = {
			isa = PBXProject;
			attributes = {
				LastUpgradeCheck = 0460;
				ORGANIZATIONNAME = "Nautilus Software LLC";
			};
			buildConfigurationList = 27AB07561716183400FB2D8C /* Build configuration list for PBXProject "Hustle" */;
			compatibilityVersion = "Xcode 3.2";
			developmentRegion = English;
			hasScannedForEncodings = 0;
			knownRegions = (
				en,
			);
			mainGroup = 27AB07521716183400FB2D8C;
			productRefGroup = 27AB075C1716183400FB2D8C /* Products */;
			projectDirPath = "";
			projectRoot = "";
			targets = (
				27AB075A1716183400FB2D8C /* Hustle */,
			);
		};
/* End PBXProject section */

/* Begin PBXResourcesBuildPhase section */
		27AB07591716183400FB2D8C /* Resources */ = {
			isa = PBXResourcesBuildPhase;
			buildActionMask = 2147483647;
			files = (
				27AB07691716183400FB2D8C /* InfoPlist.strings in Resources */,
				27AB07711716183400FB2D8C /* Default.png in Resources */,
				27AB07731716183400FB2D8C /* Default@2x.png in Resources */,
				27AB07751716183400FB2D8C /* Default-568h@2x.png in Resources */,
				2713DB0E17161F2C00ED8209 /* icon.png in Resources */,
				2713DB1017161F2F00ED8209 /* icon@2x.png in Resources */,
				278A67B717162CE4004621E2 /* MainStoryboard.storyboard in Resources */,
				271041D9171644E1006096A6 /* navbar_background@2x.png in Resources */,
				271041DD171644E6006096A6 /* title_everyone@2x.png in Resources */,
				271041DE171644E6006096A6 /* title_popular@2x.png in Resources */,
				271041DF171644E6006096A6 /* title_debuts@2x.png in Resources */,
				271041E1171644EA006096A6 /* title_playoffs@2x.png in Resources */,
				271041E4171644F1006096A6 /* button_sidebar.png in Resources */,
				271041E5171644F1006096A6 /* button_sidebar@2x.png in Resources */,
			);
			runOnlyForDeploymentPostprocessing = 0;
		};
/* End PBXResourcesBuildPhase section */

/* Begin PBXShellScriptBuildPhase section */
		46EA136DDB824A858699E5FD /* Check Pods Manifest.lock */ = {
			isa = PBXShellScriptBuildPhase;
			buildActionMask = 2147483647;
			files = (
			);
			inputPaths = (
			);
			name = "Check Pods Manifest.lock";
			outputPaths = (
			);
			runOnlyForDeploymentPostprocessing = 0;
			shellPath = /bin/sh;
			shellScript = "diff \"${PODS_ROOT}/../Podfile.lock\" \"${PODS_ROOT}/Manifest.lock\" > /dev/null\nif [[ $? != 0 ]] ; then\n    cat << EOM\nerror: The sanbox is not in sync with the Podfile.lock. Run 'pod install'.\nEOM\n    exit 1\nfi\n";
		};
		6E614AC6E2A74EBAA1A80DC1 /* Copy Pods Resources */ = {
			isa = PBXShellScriptBuildPhase;
			buildActionMask = 2147483647;
			files = (
			);
			inputPaths = (
			);
			name = "Copy Pods Resources";
			outputPaths = (
			);
			runOnlyForDeploymentPostprocessing = 0;
			shellPath = /bin/sh;
			shellScript = "\"${SRCROOT}/Pods/Pods-resources.sh\"\n";
		};
/* End PBXShellScriptBuildPhase section */

/* Begin PBXSourcesBuildPhase section */
		27AB07571716183400FB2D8C /* Sources */ = {
			isa = PBXSourcesBuildPhase;
			buildActionMask = 2147483647;
			files = (
				27AB076B1716183400FB2D8C /* main.m in Sources */,
				27AB076F1716183400FB2D8C /* AppDelegate.m in Sources */,
				278A67BA1716361B004621E2 /* MainViewController.m in Sources */,
				278A67BD17163632004621E2 /* NavigationTableViewController.m in Sources */,
				278A67C017163644004621E2 /* FeedTableViewController.m in Sources */,
			);
			runOnlyForDeploymentPostprocessing = 0;
		};
/* End PBXSourcesBuildPhase section */

/* Begin PBXVariantGroup section */
		27AB07671716183400FB2D8C /* InfoPlist.strings */ = {
			isa = PBXVariantGroup;
			children = (
				27AB07681716183400FB2D8C /* en */,
			);
			name = InfoPlist.strings;
			sourceTree = "<group>";
		};
/* End PBXVariantGroup section */

/* Begin XCBuildConfiguration section */
		27AB07761716183400FB2D8C /* Debug */ = {
			isa = XCBuildConfiguration;
			buildSettings = {
				ALWAYS_SEARCH_USER_PATHS = NO;
				CLANG_CXX_LANGUAGE_STANDARD = "gnu++0x";
				CLANG_CXX_LIBRARY = "libc++";
				CLANG_ENABLE_OBJC_ARC = YES;
				CLANG_WARN_CONSTANT_CONVERSION = YES;
				CLANG_WARN_EMPTY_BODY = YES;
				CLANG_WARN_ENUM_CONVERSION = YES;
				CLANG_WARN_INT_CONVERSION = YES;
				CLANG_WARN__DUPLICATE_METHOD_MATCH = YES;
				"CODE_SIGN_IDENTITY[sdk=iphoneos*]" = "iPhone Developer";
				COPY_PHASE_STRIP = NO;
				GCC_C_LANGUAGE_STANDARD = gnu99;
				GCC_DYNAMIC_NO_PIC = NO;
				GCC_OPTIMIZATION_LEVEL = 0;
				GCC_PREPROCESSOR_DEFINITIONS = (
					"DEBUG=1",
					"$(inherited)",
				);
				GCC_SYMBOLS_PRIVATE_EXTERN = NO;
				GCC_WARN_ABOUT_RETURN_TYPE = YES;
				GCC_WARN_UNINITIALIZED_AUTOS = YES;
				GCC_WARN_UNUSED_VARIABLE = YES;
				IPHONEOS_DEPLOYMENT_TARGET = 6.1;
				ONLY_ACTIVE_ARCH = YES;
				SDKROOT = iphoneos;
			};
			name = Debug;
		};
		27AB07771716183400FB2D8C /* Release */ = {
			isa = XCBuildConfiguration;
			buildSettings = {
				ALWAYS_SEARCH_USER_PATHS = NO;
				CLANG_CXX_LANGUAGE_STANDARD = "gnu++0x";
				CLANG_CXX_LIBRARY = "libc++";
				CLANG_ENABLE_OBJC_ARC = YES;
				CLANG_WARN_CONSTANT_CONVERSION = YES;
				CLANG_WARN_EMPTY_BODY = YES;
				CLANG_WARN_ENUM_CONVERSION = YES;
				CLANG_WARN_INT_CONVERSION = YES;
				CLANG_WARN__DUPLICATE_METHOD_MATCH = YES;
				"CODE_SIGN_IDENTITY[sdk=iphoneos*]" = "iPhone Developer";
				COPY_PHASE_STRIP = YES;
				GCC_C_LANGUAGE_STANDARD = gnu99;
				GCC_WARN_ABOUT_RETURN_TYPE = YES;
				GCC_WARN_UNINITIALIZED_AUTOS = YES;
				GCC_WARN_UNUSED_VARIABLE = YES;
				IPHONEOS_DEPLOYMENT_TARGET = 6.1;
				OTHER_CFLAGS = "-DNS_BLOCK_ASSERTIONS=1";
				SDKROOT = iphoneos;
				VALIDATE_PRODUCT = YES;
			};
			name = Release;
		};
		27AB07791716183400FB2D8C /* Debug */ = {
			isa = XCBuildConfiguration;
			baseConfigurationReference = 9799FAEA99FA44A6913D995D /* Pods.xcconfig */;
			buildSettings = {
				GCC_PRECOMPILE_PREFIX_HEADER = YES;
				GCC_PREFIX_HEADER = "Hustle/Hustle-Prefix.pch";
				INFOPLIST_FILE = "Hustle/Hustle-Info.plist";
				IPHONEOS_DEPLOYMENT_TARGET = 6.0;
				PRODUCT_NAME = "$(TARGET_NAME)";
				WRAPPER_EXTENSION = app;
			};
			name = Debug;
		};
		27AB077A1716183400FB2D8C /* Release */ = {
			isa = XCBuildConfiguration;
			baseConfigurationReference = 9799FAEA99FA44A6913D995D /* Pods.xcconfig */;
			buildSettings = {
				GCC_PRECOMPILE_PREFIX_HEADER = YES;
				GCC_PREFIX_HEADER = "Hustle/Hustle-Prefix.pch";
				INFOPLIST_FILE = "Hustle/Hustle-Info.plist";
				IPHONEOS_DEPLOYMENT_TARGET = 6.0;
				PRODUCT_NAME = "$(TARGET_NAME)";
				WRAPPER_EXTENSION = app;
			};
			name = Release;
		};
/* End XCBuildConfiguration section */

/* Begin XCConfigurationList section */
		27AB07561716183400FB2D8C /* Build configuration list for PBXProject "Hustle" */ = {
			isa = XCConfigurationList;
			buildConfigurations = (
				27AB07761716183400FB2D8C /* Debug */,
				27AB07771716183400FB2D8C /* Release */,
			);
			defaultConfigurationIsVisible = 0;
			defaultConfigurationName = Release;
		};
		27AB07781716183400FB2D8C /* Build configuration list for PBXNativeTarget "Hustle" */ = {
			isa = XCConfigurationList;
			buildConfigurations = (
				27AB07791716183400FB2D8C /* Debug */,
				27AB077A1716183400FB2D8C /* Release */,
			);
			defaultConfigurationIsVisible = 0;
			defaultConfigurationName = Release;
		};
/* End XCConfigurationList section */
	};
	rootObject = 27AB07531716183400FB2D8C /* Project object */;
}
